[[package]]
name = "asgiref"
version = "3.5.1"
description = "ASGI specs, helper code, and adapters"
category = "main"
optional = false
python-versions = ">=3.7"

[package.extras]
tests = ["mypy (>=0.800)", "pytest-asyncio", "pytest"]

[[package]]
name = "django"
version = "3.2.13"
description = "A high-level Python Web framework that encourages rapid development and clean, pragmatic design."
category = "main"
optional = false
python-versions = ">=3.6"

[package.dependencies]
asgiref = ">=3.3.2,<4"
pytz = "*"
sqlparse = ">=0.2.2"

[package.extras]
bcrypt = ["bcrypt"]
argon2 = ["argon2-cffi (>=19.1.0)"]

[[package]]
name = "django-scribbler-django2.0"
version = "0.9.3"
description = "django-scribbler is an application for managing snippets of text for a Django website."
category = "main"
optional = false
python-versions = "*"

[[package]]
name = "django-tailwind-postcss"
version = "0.12.0"
description = "Tailwind CSS Framework for Django projects"
category = "main"
optional = false
python-versions = ">=3.7,<4.0"

[package.dependencies]
django = ">=2.2"

[[package]]
name = "pytz"
version = "2022.1"
description = "World timezone definitions, modern and historical"
category = "main"
optional = false
python-versions = "*"

[[package]]
name = "sqlparse"
version = "0.4.2"
description = "A non-validating SQL parser."
category = "main"
optional = false
python-versions = ">=3.5"

[metadata]
lock-version = "1.1"
python-versions = "^3.8"
content-hash = "c05bf03dc8cb90f02c208ba335b140707b88fa3347cf5a21b368716ff729f9cf"

[metadata.files]
asgiref = []
django = []
"django-scribbler-django2.0" = [
    {file = "django-scribbler-django2.0-0.9.3.tar.gz", hash = "sha256:57caa3daebf486bc70d4cd947a77e10a250aa255b9ca6f7b67f285aee178f37e"},
]
django-tailwind-postcss = []
pytz = []
sqlparse = []
